<?xml version="1.0" encoding="utf-8"?>
<Project ToolsVersion="4.0" xmlns="http://schemas.microsoft.com/developer/msbuild/2003">
  <ItemGroup>
    <Filter Include="Source Files">
      <UniqueIdentifier>{4FC737F1-C7A5-4376-A066-2A32D752A2FF}</UniqueIdentifier>
      <Extensions>cpp;c;cc;cxx;def;odl;idl;hpj;bat;asm;asmx</Extensions>
    </Filter>
    <Filter Include="Header Files">
      <UniqueIdentifier>{93995380-89BD-4b04-88EB-625FBE52EBFB}</UniqueIdentifier>
      <Extensions>h;hh;hpp;hxx;hm;inl;inc;ipp;xsd</Extensions>
    </Filter>
    <Filter Include="Resource Files">
      <UniqueIdentifier>{67DA6AB6-F800-4c08-8B7A-83BB121AAD01}</UniqueIdentifier>
      <Extensions>rc;ico;cur;bmp;dlg;rc2;rct;bin;rgs;gif;jpg;jpeg;jpe;resx;tiff;tif;png;wav;mfcribbon-ms</Extensions>
    </Filter>
    <Filter Include="Resource Files\Data">
      <UniqueIdentifier>{04a723bf-cdf5-40dd-8182-388ef4945fe0}</UniqueIdentifier>
    </Filter>
    <Filter Include="Resource Files\Data\Shaders">
      <UniqueIdentifier>{697081fc-d6e5-44a0-a968-b1b0cdce1229}</UniqueIdentifier>
    </Filter>
    <Filter Include="Source Files\Shaders">
      <UniqueIdentifier>{6adf7ad0-a7a1-4b57-8a5d-488007471a74}</UniqueIdentifier>
    </Filter>
    <Filter Include="Source Files\stb">
      <UniqueIdentifier>{cde240fa-3e62-4b52-842f-ad5ae1dd5c0b}</UniqueIdentifier>
    </Filter>
    <Filter Include="Header Files\imgui">
      <UniqueIdentifier>{fa5a7730-055b-4857-8cc8-2480df54eab0}</UniqueIdentifier>
    </Filter>
    <Filter Include="Source Files\imgui">
      <UniqueIdentifier>{9d0b1cd7-a048-467a-9132-f57130b3a097}</UniqueIdentifier>
    </Filter>
    <Filter Include="Source Files\Renderer">
      <UniqueIdentifier>{672899f9-3976-47be-b2cd-853337b43bd7}</UniqueIdentifier>
    </Filter>
    <Filter Include="Header Files\Renderer">
      <UniqueIdentifier>{7ede8265-683d-4330-a3a7-0023c5640fe7}</UniqueIdentifier>
    </Filter>
    <Filter Include="Header Files\Renderer\Direct3D11">
      <UniqueIdentifier>{441150ff-5f35-413a-a9d0-22829c290f48}</UniqueIdentifier>
    </Filter>
    <Filter Include="Header Files\Renderer\Direct3D12">
      <UniqueIdentifier>{314a7fd8-6afb-49bb-95c3-f436e3e48d5a}</UniqueIdentifier>
    </Filter>
    <Filter Include="Source Files\Renderer\Direct3D11">
      <UniqueIdentifier>{069a0581-05f0-49ec-938b-def8d0b4c984}</UniqueIdentifier>
    </Filter>
    <Filter Include="Source Files\Renderer\Direct3D12">
      <UniqueIdentifier>{6cd90e17-4282-4825-af2c-d617dd19c165}</UniqueIdentifier>
    </Filter>
  </ItemGroup>
  <ItemGroup>
    <FxCompile Include="Data\Shaders\SimplePixelShader.hlsl">
      <Filter>Resource Files\Data\Shaders</Filter>
    </FxCompile>
    <FxCompile Include="Data\Shaders\SimpleVertexShader.hlsl">
      <Filter>Resource Files\Data\Shaders</Filter>
    </FxCompile>
    <FxCompile Include="Data\Shaders\TexVertexShader.hlsl">
      <Filter>Resource Files\Data\Shaders</Filter>
    </FxCompile>
    <FxCompile Include="Data\Shaders\TexPixelShader.hlsl">
      <Filter>Resource Files\Data\Shaders</Filter>
    </FxCompile>
    <FxCompile Include="Data\Shaders\BackgroundPixelShader.hlsl">
      <Filter>Resource Files\Data\Shaders</Filter>
    </FxCompile>
    <FxCompile Include="Data\Shaders\BackgroundVertexShader.hlsl">
      <Filter>Resource Files\Data\Shaders</Filter>
    </FxCompile>
    <FxCompile Include="Data\Shaders\ColorPixelShader.hlsl">
      <Filter>Resource Files\Data\Shaders</Filter>
    </FxCompile>
    <FxCompile Include="Data\Shaders\LineVertexShader.hlsl">
      <Filter>Resource Files\Data\Shaders</Filter>
    </FxCompile>
    <FxCompile Include="Data\Shaders\PbrVertexShader.hlsl">
      <Filter>Resource Files\Data\Shaders</Filter>
    </FxCompile>
    <FxCompile Include="Data\Shaders\PbrPixelShader.hlsl">
      <Filter>Resource Files\Data\Shaders</Filter>
    </FxCompile>
    <FxCompile Include="Data\Shaders\ConvoluteBackgroundPixelShader.hlsl">
      <Filter>Resource Files\Data\Shaders</Filter>
    </FxCompile>
  </ItemGroup>
  <ItemGroup>
    <Object Include="Data\Suzanne.obj">
      <Filter>Resource Files\Data</Filter>
    </Object>
  </ItemGroup>
  <ItemGroup>
    <None Include="packages.config" />
    <None Include="Data\Shaders\PbrHelper.hlsl">
      <Filter>Resource Files\Data\Shaders</Filter>
    </None>
    <None Include="Data\Shaders\CommonConstantBuffers.hlsl">
      <Filter>Resource Files\Data\Shaders</Filter>
    </None>
  </ItemGroup>
  <ItemGroup>
    <ClCompile Include="Source\game.cpp">
      <Filter>Source Files</Filter>
    </ClCompile>
    <ClCompile Include="Source\ObjLoader.cpp">
      <Filter>Source Files</Filter>
    </ClCompile>
    <ClCompile Include="Source\win32_main.cpp">
      <Filter>Source Files</Filter>
    </ClCompile>
    <ClCompile Include="Source\ShaderProgram.cpp">
      <Filter>Source Files</Filter>
    </ClCompile>
    <ClCompile Include="Source\Mesh.cpp">
      <Filter>Source Files</Filter>
    </ClCompile>
    <ClCompile Include="Source\Logger.cpp">
      <Filter>Source Files</Filter>
    </ClCompile>
    <ClCompile Include="Source\ResourceManager.cpp">
      <Filter>Source Files</Filter>
    </ClCompile>
    <ClCompile Include="Source\imgui\imgui.cpp">
      <Filter>Source Files\imgui</Filter>
    </ClCompile>
    <ClCompile Include="Source\imgui\imgui_demo.cpp">
      <Filter>Source Files\imgui</Filter>
    </ClCompile>
    <ClCompile Include="Source\imgui\imgui_draw.cpp">
      <Filter>Source Files\imgui</Filter>
    </ClCompile>
    <ClCompile Include="Source\imgui\imgui_tables.cpp">
      <Filter>Source Files\imgui</Filter>
    </ClCompile>
    <ClCompile Include="Source\imgui\imgui_widgets.cpp">
      <Filter>Source Files\imgui</Filter>
    </ClCompile>
    <ClCompile Include="Source\imgui\imgui_impl_win32.cpp">
      <Filter>Source Files\imgui</Filter>
    </ClCompile>
    <ClCompile Include="Source\imgui\imgui_impl_dx11.cpp">
      <Filter>Source Files\imgui</Filter>
    </ClCompile>
    <ClCompile Include="Source\Camera.cpp">
      <Filter>Source Files</Filter>
    </ClCompile>
    <ClCompile Include="Source\Math.cpp">
      <Filter>Source Files</Filter>
    </ClCompile>
    <ClCompile Include="Source\VertexBuffer.cpp">
      <Filter>Source Files</Filter>
    </ClCompile>
    <ClCompile Include="Source\Renderer\DX11Layer.cpp">
      <Filter>Source Files\Renderer</Filter>
    </ClCompile>
    <ClCompile Include="Source\Renderer\renderer.cpp">
      <Filter>Source Files\Renderer</Filter>
    </ClCompile>
    <ClCompile Include="Source\Renderer\Direct3D11\D3D11Interface.cpp">
      <Filter>Source Files\Renderer\Direct3D11</Filter>
    </ClCompile>
    <ClCompile Include="Source\Renderer\Direct3D11\D3D11Core.cpp">
      <Filter>Source Files\Renderer\Direct3D11</Filter>
    </ClCompile>
  </ItemGroup>
  <ItemGroup>
    <ClInclude Include="Source\game.h">
      <Filter>Source Files</Filter>
    </ClInclude>
    <ClInclude Include="Source\ObjLoader.h">
      <Filter>Source Files</Filter>
    </ClInclude>
    <ClInclude Include="Source\Shaders\PixelShader.h">
      <Filter>Source Files\Shaders</Filter>
    </ClInclude>
    <ClInclude Include="Source\Shaders\TexPixelShader.h">
      <Filter>Source Files\Shaders</Filter>
    </ClInclude>
    <ClInclude Include="Source\Shaders\TexVertexShader.h">
      <Filter>Source Files\Shaders</Filter>
    </ClInclude>
    <ClInclude Include="Source\Shaders\VertexShader.h">
      <Filter>Source Files\Shaders</Filter>
    </ClInclude>
    <ClInclude Include="Source\Material.h">
      <Filter>Header Files</Filter>
    </ClInclude>
    <ClInclude Include="Source\ShaderProgram.h">
      <Filter>Header Files</Filter>
    </ClInclude>
    <ClInclude Include="Source\Mesh.h">
      <Filter>Header Files</Filter>
    </ClInclude>
    <ClInclude Include="Source\Logger.h">
      <Filter>Header Files</Filter>
    </ClInclude>
    <ClInclude Include="Source\ResourceManager.h">
      <Filter>Header Files</Filter>
    </ClInclude>
    <ClInclude Include="Source\Cube.h">
      <Filter>Source Files</Filter>
    </ClInclude>
    <ClInclude Include="Source\stb\stb_image.h">
      <Filter>Source Files\stb</Filter>
    </ClInclude>
    <ClInclude Include="Source\imgui\imstb_rectpack.h">
      <Filter>Header Files\imgui</Filter>
    </ClInclude>
    <ClInclude Include="Source\imgui\imstb_textedit.h">
      <Filter>Header Files\imgui</Filter>
    </ClInclude>
    <ClInclude Include="Source\imgui\imstb_truetype.h">
      <Filter>Header Files\imgui</Filter>
    </ClInclude>
    <ClInclude Include="Source\imgui\imconfig.h">
      <Filter>Header Files\imgui</Filter>
    </ClInclude>
    <ClInclude Include="Source\imgui\imgui.h">
      <Filter>Header Files\imgui</Filter>
    </ClInclude>
    <ClInclude Include="Source\imgui\imgui_internal.h">
      <Filter>Header Files\imgui</Filter>
    </ClInclude>
    <ClInclude Include="Source\imgui\imgui_impl_win32.h">
      <Filter>Header Files\imgui</Filter>
    </ClInclude>
    <ClInclude Include="Source\imgui\imgui_impl_dx11.h">
      <Filter>Header Files\imgui</Filter>
    </ClInclude>
    <ClInclude Include="Source\Camera.h">
      <Filter>Header Files</Filter>
    </ClInclude>
    <ClInclude Include="Source\Math.h">
      <Filter>Header Files</Filter>
    </ClInclude>
    <ClInclude Include="Source\platform.h">
      <Filter>Header Files</Filter>
    </ClInclude>
    <ClInclude Include="Source\VertexBuffer.h">
      <Filter>Header Files</Filter>
    </ClInclude>
    <ClInclude Include="Source\IndexBuffer.h">
      <Filter>Header Files</Filter>
    </ClInclude>
    <ClInclude Include="Source\Background.h">
      <Filter>Header Files</Filter>
    </ClInclude>
    <ClInclude Include="Source\Renderer\DirectXIncludes.h">
      <Filter>Header Files\Renderer</Filter>
    </ClInclude>
    <ClInclude Include="Source\Renderer\DX11Layer.h">
      <Filter>Header Files\Renderer</Filter>
    </ClInclude>
    <ClInclude Include="Source\Renderer\RendererPlatformInterface.h">
      <Filter>Header Files\Renderer</Filter>
    </ClInclude>
    <ClInclude Include="Source\Renderer\renderer.h">
      <Filter>Header Files\Renderer</Filter>
    </ClInclude>
    <ClInclude Include="Source\Renderer\Direct3D11\D3D11Interface.h">
      <Filter>Header Files\Renderer\Direct3D11</Filter>
    </ClInclude>
    <ClInclude Include="Source\Renderer\Direct3D11\D3D11Core.h">
      <Filter>Header Files\Renderer\Direct3D11</Filter>
    </ClInclude>
  </ItemGroup>
</Project>